// !$*UTF8*$!
{
	archiveVersion = 1;
	classes = {
	};
	objectVersion = 50;
	objects = {

/* Begin PBXBuildFile section */
		4A816A1322D6765D002EC1EC /* AppDelegate.swift in Sources */ = {isa = PBXBuildFile; fileRef = 4A816A1222D6765D002EC1EC /* AppDelegate.swift */; };
		4A816A1822D6765D002EC1EC /* Main.storyboard in Resources */ = {isa = PBXBuildFile; fileRef = 4A816A1622D6765D002EC1EC /* Main.storyboard */; };
		4A816A1A22D6765F002EC1EC /* Assets.xcassets in Resources */ = {isa = PBXBuildFile; fileRef = 4A816A1922D6765F002EC1EC /* Assets.xcassets */; };
		4A816A1D22D6765F002EC1EC /* LaunchScreen.storyboard in Resources */ = {isa = PBXBuildFile; fileRef = 4A816A1B22D6765F002EC1EC /* LaunchScreen.storyboard */; };
		4A816A2522D6788D002EC1EC /* MapViewController.swift in Sources */ = {isa = PBXBuildFile; fileRef = 4A816A2422D6788D002EC1EC /* MapViewController.swift */; };
		4AE8825022D794BA00646F5D /* Coorditates.swift in Sources */ = {isa = PBXBuildFile; fileRef = 4AE8824F22D794BA00646F5D /* Coorditates.swift */; };
		4AE8825222D7A71300646F5D /* OpenWeatherMap.swift in Sources */ = {isa = PBXBuildFile; fileRef = 4AE8825122D7A71300646F5D /* OpenWeatherMap.swift */; };
		4AE8825422D7B3E400646F5D /* OpenWeatherMapParser.swift in Sources */ = {isa = PBXBuildFile; fileRef = 4AE8825322D7B3E400646F5D /* OpenWeatherMapParser.swift */; };
/* End PBXBuildFile section */

/* Begin PBXFileReference section */
		4A816A0F22D6765C002EC1EC /* RAMAX_2.app */ = {isa = PBXFileReference; explicitFileType = wrapper.application; includeInIndex = 0; path = RAMAX_2.app; sourceTree = BUILT_PRODUCTS_DIR; };
		4A816A1222D6765D002EC1EC /* AppDelegate.swift */ = {isa = PBXFileReference; lastKnownFileType = sourcecode.swift; path = AppDelegate.swift; sourceTree = "<group>"; };
		4A816A1722D6765D002EC1EC /* Base */ = {isa = PBXFileReference; lastKnownFileType = file.storyboard; name = Base; path = Base.lproj/Main.storyboard; sourceTree = "<group>"; };
		4A816A1922D6765F002EC1EC /* Assets.xcassets */ = {isa = PBXFileReference; lastKnownFileType = folder.assetcatalog; path = Assets.xcassets; sourceTree = "<group>"; };
		4A816A1C22D6765F002EC1EC /* Base */ = {isa = PBXFileReference; lastKnownFileType = file.storyboard; name = Base; path = Base.lproj/LaunchScreen.storyboard; sourceTree = "<group>"; };
		4A816A1E22D6765F002EC1EC /* Info.plist */ = {isa = PBXFileReference; lastKnownFileType = text.plist.xml; path = Info.plist; sourceTree = "<group>"; };
		4A816A2422D6788D002EC1EC /* MapViewController.swift */ = {isa = PBXFileReference; lastKnownFileType = sourcecode.swift; path = MapViewController.swift; sourceTree = "<group>"; };
		4AE8824F22D794BA00646F5D /* Coorditates.swift */ = {isa = PBXFileReference; lastKnownFileType = sourcecode.swift; path = Coorditates.swift; sourceTree = "<group>"; };
		4AE8825122D7A71300646F5D /* OpenWeatherMap.swift */ = {isa = PBXFileReference; lastKnownFileType = sourcecode.swift; path = OpenWeatherMap.swift; sourceTree = "<group>"; };
		4AE8825322D7B3E400646F5D /* OpenWeatherMapParser.swift */ = {isa = PBXFileReference; lastKnownFileType = sourcecode.swift; path = OpenWeatherMapParser.swift; sourceTree = "<group>"; };
/* End PBXFileReference section */

/* Begin PBXFrameworksBuildPhase section */
		4A816A0C22D6765C002EC1EC /* Frameworks */ = {
			isa = PBXFrameworksBuildPhase;
			buildActionMask = 2147483647;
			files = (
			);
			runOnlyForDeploymentPostprocessing = 0;
		};
/* End PBXFrameworksBuildPhase section */

/* Begin PBXGroup section */
		4A816A0622D6765C002EC1EC = {
			isa = PBXGroup;
			children = (
				4A816A1122D6765C002EC1EC /* RAMAX_2 */,
				4A816A1022D6765C002EC1EC /* Products */,
				4A816A2622D68793002EC1EC /* Frameworks */,
			);
			sourceTree = "<group>";
		};
		4A816A1022D6765C002EC1EC /* Products */ = {
			isa = PBXGroup;
			children = (
				4A816A0F22D6765C002EC1EC /* RAMAX_2.app */,
			);
			name = Products;
			sourceTree = "<group>";
		};
		4A816A1122D6765C002EC1EC /* RAMAX_2 */ = {
			isa = PBXGroup;
			children = (
				4AE8824C22D78FF900646F5D /* Controllers */,
				4AE8824B22D78FED00646F5D /* Class */,
				4A816A1222D6765D002EC1EC /* AppDelegate.swift */,
				4A816A1622D6765D002EC1EC /* Main.storyboard */,
				4A816A1922D6765F002EC1EC /* Assets.xcassets */,
				4A816A1B22D6765F002EC1EC /* LaunchScreen.storyboard */,
				4A816A1E22D6765F002EC1EC /* Info.plist */,
			);
			path = RAMAX_2;
			sourceTree = "<group>";
		};
		4A816A2622D68793002EC1EC /* Frameworks */ = {
			isa = PBXGroup;
			children = (
			);
			name = Frameworks;
			sourceTree = "<group>";
		};
		4AE8824B22D78FED00646F5D /* Class */ = {
			isa = PBXGroup;
			children = (
				4AE8824F22D794BA00646F5D /* Coorditates.swift */,
				4AE8825122D7A71300646F5D /* OpenWeatherMap.swift */,
				4AE8825322D7B3E400646F5D /* OpenWeatherMapParser.swift */,
			);
			path = Class;
			sourceTree = "<group>";
		};
		4AE8824C22D78FF900646F5D /* Controllers */ = {
			isa = PBXGroup;
			children = (
				4A816A2422D6788D002EC1EC /* MapViewController.swift */,
			);
			path = Controllers;
			sourceTree = "<group>";
		};
/* End PBXGroup section */

/* Begin PBXNativeTarget section */
		4A816A0E22D6765C002EC1EC /* RAMAX_2 */ = {
			isa = PBXNativeTarget;
			buildConfigurationList = 4A816A2122D6765F002EC1EC /* Build configuration list for PBXNativeTarget "RAMAX_2" */;
			buildPhases = (
				4A816A0B22D6765C002EC1EC /* Sources */,
				4A816A0C22D6765C002EC1EC /* Frameworks */,
				4A816A0D22D6765C002EC1EC /* Resources */,
			);
			buildRules = (
			);
			dependencies = (
			);
			name = RAMAX_2;
			productName = RAMAX_2;
			productReference = 4A816A0F22D6765C002EC1EC /* RAMAX_2.app */;
			productType = "com.apple.product-type.application";
		};
/* End PBXNativeTarget section */

/* Begin PBXProject section */
		4A816A0722D6765C002EC1EC /* Project object */ = {
			isa = PBXProject;
			attributes = {
				LastSwiftUpdateCheck = 1010;
				LastUpgradeCheck = 1010;
				ORGANIZATIONNAME = "Филипп";
				TargetAttributes = {
					4A816A0E22D6765C002EC1EC = {
						CreatedOnToolsVersion = 10.1;
						SystemCapabilities = {
							com.apple.Maps.iOS = {
								enabled = 0;
							};
						};
					};
				};
			};
			buildConfigurationList = 4A816A0A22D6765C002EC1EC /* Build configuration list for PBXProject "RAMAX_2" */;
			compatibilityVersion = "Xcode 9.3";
			developmentRegion = en;
			hasScannedForEncodings = 0;
			knownRegions = (
				en,
				Base,
			);
			mainGroup = 4A816A0622D6765C002EC1EC;
			productRefGroup = 4A816A1022D6765C002EC1EC /* Products */;
			projectDirPath = "";
			projectRoot = "";
			targets = (
				4A816A0E22D6765C002EC1EC /* RAMAX_2 */,
			);
		};
/* End PBXProject section */

/* Begin PBXResourcesBuildPhase section */
		4A816A0D22D6765C002EC1EC /* Resources */ = {
			isa = PBXResourcesBuildPhase;
			buildActionMask = 2147483647;
			files = (
				4A816A1D22D6765F002EC1EC /* LaunchScreen.storyboard in Resources */,
				4A816A1A22D6765F002EC1EC /* Assets.xcassets in Resources */,
				4A816A1822D6765D002EC1EC /* Main.storyboard in Resources */,
			);
			runOnlyForDeploymentPostprocessing = 0;
		};
/* End PBXResourcesBuildPhase section */

/* Begin PBXSourcesBuildPhase section */
		4A816A0B22D6765C002EC1EC /* Sources */ = {
			isa = PBXSourcesBuildPhase;
			buildActionMask = 2147483647;
			files = (
				4AE8825422D7B3E400646F5D /* OpenWeatherMapParser.swift in Sources */,
				4AE8825222D7A71300646F5D /* OpenWeatherMap.swift in Sources */,
				4AE8825022D794BA00646F5D /* Coorditates.swift in Sources */,
				4A816A2522D6788D002EC1EC /* MapViewController.swift in Sources */,
				4A816A1322D6765D002EC1EC /* AppDelegate.swift in Sources */,
			);
			runOnlyForDeploymentPostprocessing = 0;
		};
/* End PBXSourcesBuildPhase section */

/* Begin PBXVariantGroup section */
		4A816A1622D6765D002EC1EC /* Main.storyboard */ = {
			isa = PBXVariantGroup;
			children = (
				4A816A1722D6765D002EC1EC /* Base */,
			);
			name = Main.storyboard;
			sourceTree = "<group>";
		};
		4A816A1B22D6765F002EC1EC /* LaunchScreen.storyboard */ = {
			isa = PBXVariantGroup;
			children = (
				4A816A1C22D6765F002EC1EC /* Base */,
			);
			name = LaunchScreen.storyboard;
			sourceTree = "<group>";
		};
/* End PBXVariantGroup section */

/* Begin XCBuildConfiguration section */
		4A816A1F22D6765F002EC1EC /* Debug */ = {
			isa = XCBuildConfiguration;
			buildSettings = {
				ALWAYS_SEARCH_USER_PATHS = NO;
				CLANG_ANALYZER_NONNULL = YES;
				CLANG_ANALYZER_NUMBER_OBJECT_CONVERSION = YES_AGGRESSIVE;
				CLANG_CXX_LANGUAGE_STANDARD = "gnu++14";
				CLANG_CXX_LIBRARY = "libc++";
				CLANG_ENABLE_MODULES = YES;
				CLANG_ENABLE_OBJC_ARC = YES;
				CLANG_ENABLE_OBJC_WEAK = YES;
				CLANG_WARN_BLOCK_CAPTURE_AUTORELEASING = YES;
				CLANG_WARN_BOOL_CONVERSION = YES;
				CLANG_WARN_COMMA = YES;
				CLANG_WARN_CONSTANT_CONVERSION = YES;
				CLANG_WARN_DEPRECATED_OBJC_IMPLEMENTATIONS = YES;
				CLANG_WARN_DIRECT_OBJC_ISA_USAGE = YES_ERROR;
				CLANG_WARN_DOCUMENTATION_COMMENTS = YES;
				CLANG_WARN_EMPTY_BODY = YES;
				CLANG_WARN_ENUM_CONVERSION = YES;
				CLANG_WARN_INFINITE_RECURSION = YES;
				CLANG_WARN_INT_CONVERSION = YES;
				CLANG_WARN_NON_LITERAL_NULL_CONVERSION = YES;
				CLANG_WARN_OBJC_IMPLICIT_RETAIN_SELF = YES;
				CLANG_WARN_OBJC_LITERAL_CONVERSION = YES;
				CLANG_WARN_OBJC_ROOT_CLASS = YES_ERROR;
				CLANG_WARN_RANGE_LOOP_ANALYSIS = YES;
				CLANG_WARN_STRICT_PROTOTYPES = YES;
				CLANG_WARN_SUSPICIOUS_MOVE = YES;
				CLANG_WARN_UNGUARDED_AVAILABILITY = YES_AGGRESSIVE;
				CLANG_WARN_UNREACHABLE_CODE = YES;
				CLANG_WARN__DUPLICATE_METHOD_MATCH = YES;
				CODE_SIGN_IDENTITY = "iPhone Developer";
				COPY_PHASE_STRIP = NO;
				DEBUG_INFORMATION_FORMAT = dwarf;
				ENABLE_STRICT_OBJC_MSGSEND = YES;
				ENABLE_TESTABILITY = YES;
				GCC_C_LANGUAGE_STANDARD = gnu11;
				GCC_DYNAMIC_NO_PIC = NO;
				GCC_NO_COMMON_BLOCKS = YES;
				GCC_OPTIMIZATION_LEVEL = 0;
				GCC_PREPROCESSOR_DEFINITIONS = (
					"DEBUG=1",
					"$(inherited)",
				);
				GCC_WARN_64_TO_32_BIT_CONVERSION = YES;
				GCC_WARN_ABOUT_RETURN_TYPE = YES_ERROR;
				GCC_WARN_UNDECLARED_SELECTOR = YES;
				GCC_WARN_UNINITIALIZED_AUTOS = YES_AGGRESSIVE;
				GCC_WARN_UNUSED_FUNCTION = YES;
				GCC_WARN_UNUSED_VARIABLE = YES;
				IPHONEOS_DEPLOYMENT_TARGET = 12.1;
				MTL_ENABLE_DEBUG_INFO = INCLUDE_SOURCE;
				MTL_FAST_MATH = YES;
				ONLY_ACTIVE_ARCH = YES;
				SDKROOT = iphoneos;
				SWIFT_ACTIVE_COMPILATION_CONDITIONS = DEBUG;
				SWIFT_OPTIMIZATION_LEVEL = "-Onone";
			};
			name = Debug;
		};
		4A816A2022D6765F002EC1EC /* Release */ = {
			isa = XCBuildConfiguration;
			buildSettings = {
				ALWAYS_SEARCH_USER_PATHS = NO;
				CLANG_ANALYZER_NONNULL = YES;
				CLANG_ANALYZER_NUMBER_OBJECT_CONVERSION = YES_AGGRESSIVE;
				CLANG_CXX_LANGUAGE_STANDARD = "gnu++14";
				CLANG_CXX_LIBRARY = "libc++";
				CLANG_ENABLE_MODULES = YES;
				CLANG_ENABLE_OBJC_ARC = YES;
				CLANG_ENABLE_OBJC_WEAK = YES;
				CLANG_WARN_BLOCK_CAPTURE_AUTORELEASING = YES;
				CLANG_WARN_BOOL_CONVERSION = YES;
				CLANG_WARN_COMMA = YES;
				CLANG_WARN_CONSTANT_CONVERSION = YES;
				CLANG_WARN_DEPRECATED_OBJC_IMPLEMENTATIONS = YES;
				CLANG_WARN_DIRECT_OBJC_ISA_USAGE = YES_ERROR;
				CLANG_WARN_DOCUMENTATION_COMMENTS = YES;
				CLANG_WARN_EMPTY_BODY = YES;
				CLANG_WARN_ENUM_CONVERSION = YES;
				CLANG_WARN_INFINITE_RECURSION = YES;
				CLANG_WARN_INT_CONVERSION = YES;
				CLANG_WARN_NON_LITERAL_NULL_CONVERSION = YES;
				CLANG_WARN_OBJC_IMPLICIT_RETAIN_SELF = YES;
				CLANG_WARN_OBJC_LITERAL_CONVERSION = YES;
				CLANG_WARN_OBJC_ROOT_CLASS = YES_ERROR;
				CLANG_WARN_RANGE_LOOP_ANALYSIS = YES;
				CLANG_WARN_STRICT_PROTOTYPES = YES;
				CLANG_WARN_SUSPICIOUS_MOVE = YES;
				CLANG_WARN_UNGUARDED_AVAILABILITY = YES_AGGRESSIVE;
				CLANG_WARN_UNREACHABLE_CODE = YES;
				CLANG_WARN__DUPLICATE_METHOD_MATCH = YES;
				CODE_SIGN_IDENTITY = "iPhone Developer";
				COPY_PHASE_STRIP = NO;
				DEBUG_INFORMATION_FORMAT = "dwarf-with-dsym";
				ENABLE_NS_ASSERTIONS = NO;
				ENABLE_STRICT_OBJC_MSGSEND = YES;
				GCC_C_LANGUAGE_STANDARD = gnu11;
				GCC_NO_COMMON_BLOCKS = YES;
				GCC_WARN_64_TO_32_BIT_CONVERSION = YES;
				GCC_WARN_ABOUT_RETURN_TYPE = YES_ERROR;
				GCC_WARN_UNDECLARED_SELECTOR = YES;
				GCC_WARN_UNINITIALIZED_AUTOS = YES_AGGRESSIVE;
				GCC_WARN_UNUSED_FUNCTION = YES;
				GCC_WARN_UNUSED_VARIABLE = YES;
				IPHONEOS_DEPLOYMENT_TARGET = 12.1;
				MTL_ENABLE_DEBUG_INFO = NO;
				MTL_FAST_MATH = YES;
				SDKROOT = iphoneos;
				SWIFT_COMPILATION_MODE = wholemodule;
				SWIFT_OPTIMIZATION_LEVEL = "-O";
				VALIDATE_PRODUCT = YES;
			};
			name = Release;
		};
		4A816A2222D6765F002EC1EC /* Debug */ = {
			isa = XCBuildConfiguration;
			buildSettings = {
				ASSETCATALOG_COMPILER_APPICON_NAME = AppIcon;
				CODE_SIGN_STYLE = Automatic;
				DEVELOPMENT_TEAM = 69GFS3255T;
				INFOPLIST_FILE = RAMAX_2/Info.plist;
				LD_RUNPATH_SEARCH_PATHS = (
					"$(inherited)",
					"@executable_path/Frameworks",
				);
				PRODUCT_BUNDLE_IDENTIFIER = "Phil.RAMAX-2";
				PRODUCT_NAME = "$(TARGET_NAME)";
				SWIFT_VERSION = 4.2;
				TARGETED_DEVICE_FAMILY = "1,2";
			};
			name = Debug;
		};
		4A816A2322D6765F002EC1EC /* Release */ = {
			isa = XCBuildConfiguration;
			buildSettings = {
				ASSETCATALOG_COMPILER_APPICON_NAME = AppIcon;
				CODE_SIGN_STYLE = Automatic;
				DEVELOPMENT_TEAM = 69GFS3255T;
				INFOPLIST_FILE = RAMAX_2/Info.plist;
				LD_RUNPATH_SEARCH_PATHS = (
					"$(inherited)",
					"@executable_path/Frameworks",
				);
				PRODUCT_BUNDLE_IDENTIFIER = "Phil.RAMAX-2";
				PRODUCT_NAME = "$(TARGET_NAME)";
				SWIFT_VERSION = 4.2;
				TARGETED_DEVICE_FAMILY = "1,2";
			};
			name = Release;
		};
/* End XCBuildConfiguration section */

/* Begin XCConfigurationList section */
		4A816A0A22D6765C002EC1EC /* Build configuration list for PBXProject "RAMAX_2" */ = {
			isa = XCConfigurationList;
			buildConfigurations = (
				4A816A1F22D6765F002EC1EC /* Debug */,
				4A816A2022D6765F002EC1EC /* Release */,
			);
			defaultConfigurationIsVisible = 0;
			defaultConfigurationName = Release;
		};
		4A816A2122D6765F002EC1EC /* Build configuration list for PBXNativeTarget "RAMAX_2" */ = {
			isa = XCConfigurationList;
			buildConfigurations = (
				4A816A2222D6765F002EC1EC /* Debug */,
				4A816A2322D6765F002EC1EC /* Release */,
			);
			defaultConfigurationIsVisible = 0;
			defaultConfigurationName = Release;
		};
/* End XCConfigurationList section */
	};
	rootObject = 4A816A0722D6765C002EC1EC /* Project object */;
}
